
Microsoft Visual Studio Solution File, Format Version 12.00
# Visual Studio Version 17
VisualStudioVersion = 17.9.34723.18
MinimumVisualStudioVersion = 10.0.40219.1
Project("{FAE04EC0-301F-11D3-BF4B-00C04F79EFBC}") = "Carte_aux_tresors", "Carte_aux_tresors\Carte_aux_tresors.csproj", "{1B5A3FB7-AFF9-4FF0-82AF-01D542B30B4E}"
EndProject
Project("{FAE04EC0-301F-11D3-BF4B-00C04F79EFBC}") = "Core", "Core\Core.csproj", "{CF078748-E4EF-4DC6-BC91-24A2BD02EDB4}"
EndProject
Project("{FAE04EC0-301F-11D3-BF4B-00C04F79EFBC}") = "TestProject", "TestProject\TestProject.csproj", "{44E0C568-00BD-4F11-A030-E62E197F80D6}"
EndProject
Global
	GlobalSection(SolutionConfigurationPlatforms) = preSolution
		Debug|Any CPU = Debug|Any CPU
		Release|Any CPU = Release|Any CPU
	EndGlobalSection
	GlobalSection(ProjectConfigurationPlatforms) = postSolution
		{1B5A3FB7-AFF9-4FF0-82AF-01D542B30B4E}.Debug|Any CPU.ActiveCfg = Debug|Any CPU
		{1B5A3FB7-AFF9-4FF0-82AF-01D542B30B4E}.Debug|Any CPU.Build.0 = Debug|Any CPU
		{1B5A3FB7-AFF9-4FF0-82AF-01D542B30B4E}.Release|Any CPU.ActiveCfg = Release|Any CPU
		{1B5A3FB7-AFF9-4FF0-82AF-01D542B30B4E}.Release|Any CPU.Build.0 = Release|Any CPU
		{CF078748-E4EF-4DC6-BC91-24A2BD02EDB4}.Debug|Any CPU.ActiveCfg = Debug|Any CPU
		{CF078748-E4EF-4DC6-BC91-24A2BD02EDB4}.Debug|Any CPU.Build.0 = Debug|Any CPU
		{CF078748-E4EF-4DC6-BC91-24A2BD02EDB4}.Release|Any CPU.ActiveCfg = Release|Any CPU
		{CF078748-E4EF-4DC6-BC91-24A2BD02EDB4}.Release|Any CPU.Build.0 = Release|Any CPU
		{44E0C568-00BD-4F11-A030-E62E197F80D6}.Debug|Any CPU.ActiveCfg = Debug|Any CPU
		{44E0C568-00BD-4F11-A030-E62E197F80D6}.Debug|Any CPU.Build.0 = Debug|Any CPU
		{44E0C568-00BD-4F11-A030-E62E197F80D6}.Release|Any CPU.ActiveCfg = Release|Any CPU
		{44E0C568-00BD-4F11-A030-E62E197F80D6}.Release|Any CPU.Build.0 = Release|Any CPU
	EndGlobalSection
	GlobalSection(SolutionProperties) = preSolution
		HideSolutionNode = FALSE
	EndGlobalSection
	GlobalSection(ExtensibilityGlobals) = postSolution
		SolutionGuid = {19FFB2A4-C2C7-4D57-AC65-EA63736BD7E5}
	EndGlobalSection
EndGlobal
